# THIS IS AN AUTOGENERATED FILE. DO NOT EDIT THIS FILE DIRECTLY.
# yarn lockfile v1


"@types/node-fetch@^1.6.7":
  version "1.6.7"
  resolved "https://registry.yarnpkg.com/@types/node-fetch/-/node-fetch-1.6.7.tgz#521078e8f0c69a158e5022005aca92d2620f6d57"
  dependencies:
    "@types/node" "*"

"@types/node@*", "@types/node@^7.0.18":
  version "7.0.18"
  resolved "https://registry.yarnpkg.com/@types/node/-/node-7.0.18.tgz#cd67f27d3dc0cfb746f0bdd5e086c4c5d55be173"

encoding@^0.1.11:
  version "0.1.12"
  resolved "https://registry.yarnpkg.com/encoding/-/encoding-0.1.12.tgz#538b66f3ee62cd1ab51ec323829d1f9480c74beb"
  dependencies:
    iconv-lite "~0.4.13"

iconv-lite@~0.4.13:
  version "0.4.17"
  resolved "https://registry.yarnpkg.com/iconv-lite/-/iconv-lite-0.4.17.tgz#4fdaa3b38acbc2c031b045d0edcdfe1ecab18c8d"

is-stream@^1.0.1:
  version "1.1.0"
  resolved "https://registry.yarnpkg.com/is-stream/-/is-stream-1.1.0.tgz#12d4a3dd4e68e0b79ceb8dbc84173ae80d91ca44"

node-fetch@^1.7.0:
  version "1.7.0"
  resolved "https://registry.yarnpkg.com/node-fetch/-/node-fetch-1.7.0.tgz#3ff6c56544f9b7fb00682338bb55ee6f54a8a0ef"
  dependencies:
    encoding "^0.1.11"
    is-stream "^1.0.1"

typescript@^2.3.2:
  version "2.3.2"
  resolved "https://registry.yarnpkg.com/typescript/-/typescript-2.3.2.tgz#f0f045e196f69a72f06b25fd3bd39d01c3ce9984"
